// !$*UTF8*$!
{
	archiveVersion = 1;
	classes = {
	};
	objectVersion = 50;
	objects = {

/* Begin PBXBuildFile section */
		1841307023E9627600DC3A34 /* AppDelegate.swift in Sources */ = {isa = PBXBuildFile; fileRef = 1841306F23E9627600DC3A34 /* AppDelegate.swift */; };
		1841307223E9627600DC3A34 /* SceneDelegate.swift in Sources */ = {isa = PBXBuildFile; fileRef = 1841307123E9627600DC3A34 /* SceneDelegate.swift */; };
		1841307423E9627600DC3A34 /* ViewController.swift in Sources */ = {isa = PBXBuildFile; fileRef = 1841307323E9627600DC3A34 /* ViewController.swift */; };
		1841307723E9627600DC3A34 /* Main.storyboard in Resources */ = {isa = PBXBuildFile; fileRef = 1841307523E9627600DC3A34 /* Main.storyboard */; };
		1841307923E9627800DC3A34 /* Assets.xcassets in Resources */ = {isa = PBXBuildFile; fileRef = 1841307823E9627800DC3A34 /* Assets.xcassets */; };
		1841307C23E9627800DC3A34 /* LaunchScreen.storyboard in Resources */ = {isa = PBXBuildFile; fileRef = 1841307A23E9627800DC3A34 /* LaunchScreen.storyboard */; };
		1841308723E9627900DC3A34 /* NewsAppTests.swift in Sources */ = {isa = PBXBuildFile; fileRef = 1841308623E9627900DC3A34 /* NewsAppTests.swift */; };
		1841309223E9627900DC3A34 /* NewsAppUITests.swift in Sources */ = {isa = PBXBuildFile; fileRef = 1841309123E9627900DC3A34 /* NewsAppUITests.swift */; };
		184130A723E9665700DC3A34 /* NewsCell.swift in Sources */ = {isa = PBXBuildFile; fileRef = 184130A523E9665700DC3A34 /* NewsCell.swift */; };
		184130A823E9665700DC3A34 /* NewsCell.xib in Resources */ = {isa = PBXBuildFile; fileRef = 184130A623E9665700DC3A34 /* NewsCell.xib */; };
/* End PBXBuildFile section */

/* Begin PBXContainerItemProxy section */
		1841308323E9627900DC3A34 /* PBXContainerItemProxy */ = {
			isa = PBXContainerItemProxy;
			containerPortal = 1841306423E9627600DC3A34 /* Project object */;
			proxyType = 1;
			remoteGlobalIDString = 1841306B23E9627600DC3A34;
			remoteInfo = NewsApp;
		};
		1841308E23E9627900DC3A34 /* PBXContainerItemProxy */ = {
			isa = PBXContainerItemProxy;
			containerPortal = 1841306423E9627600DC3A34 /* Project object */;
			proxyType = 1;
			remoteGlobalIDString = 1841306B23E9627600DC3A34;
			remoteInfo = NewsApp;
		};
/* End PBXContainerItemProxy section */

/* Begin PBXFileReference section */
		1841306C23E9627600DC3A34 /* NewsApp.app */ = {isa = PBXFileReference; explicitFileType = wrapper.application; includeInIndex = 0; path = NewsApp.app; sourceTree = BUILT_PRODUCTS_DIR; };
		1841306F23E9627600DC3A34 /* AppDelegate.swift */ = {isa = PBXFileReference; lastKnownFileType = sourcecode.swift; path = AppDelegate.swift; sourceTree = "<group>"; };
		1841307123E9627600DC3A34 /* SceneDelegate.swift */ = {isa = PBXFileReference; lastKnownFileType = sourcecode.swift; path = SceneDelegate.swift; sourceTree = "<group>"; };
		1841307323E9627600DC3A34 /* ViewController.swift */ = {isa = PBXFileReference; lastKnownFileType = sourcecode.swift; path = ViewController.swift; sourceTree = "<group>"; };
		1841307623E9627600DC3A34 /* Base */ = {isa = PBXFileReference; lastKnownFileType = file.storyboard; name = Base; path = Base.lproj/Main.storyboard; sourceTree = "<group>"; };
		1841307823E9627800DC3A34 /* Assets.xcassets */ = {isa = PBXFileReference; lastKnownFileType = folder.assetcatalog; path = Assets.xcassets; sourceTree = "<group>"; };
		1841307B23E9627800DC3A34 /* Base */ = {isa = PBXFileReference; lastKnownFileType = file.storyboard; name = Base; path = Base.lproj/LaunchScreen.storyboard; sourceTree = "<group>"; };
		1841307D23E9627800DC3A34 /* Info.plist */ = {isa = PBXFileReference; lastKnownFileType = text.plist.xml; path = Info.plist; sourceTree = "<group>"; };
		1841308223E9627900DC3A34 /* NewsAppTests.xctest */ = {isa = PBXFileReference; explicitFileType = wrapper.cfbundle; includeInIndex = 0; path = NewsAppTests.xctest; sourceTree = BUILT_PRODUCTS_DIR; };
		1841308623E9627900DC3A34 /* NewsAppTests.swift */ = {isa = PBXFileReference; lastKnownFileType = sourcecode.swift; path = NewsAppTests.swift; sourceTree = "<group>"; };
		1841308823E9627900DC3A34 /* Info.plist */ = {isa = PBXFileReference; lastKnownFileType = text.plist.xml; path = Info.plist; sourceTree = "<group>"; };
		1841308D23E9627900DC3A34 /* NewsAppUITests.xctest */ = {isa = PBXFileReference; explicitFileType = wrapper.cfbundle; includeInIndex = 0; path = NewsAppUITests.xctest; sourceTree = BUILT_PRODUCTS_DIR; };
		1841309123E9627900DC3A34 /* NewsAppUITests.swift */ = {isa = PBXFileReference; lastKnownFileType = sourcecode.swift; path = NewsAppUITests.swift; sourceTree = "<group>"; };
		1841309323E9627900DC3A34 /* Info.plist */ = {isa = PBXFileReference; lastKnownFileType = text.plist.xml; path = Info.plist; sourceTree = "<group>"; };
		184130A523E9665700DC3A34 /* NewsCell.swift */ = {isa = PBXFileReference; lastKnownFileType = sourcecode.swift; path = NewsCell.swift; sourceTree = "<group>"; };
		184130A623E9665700DC3A34 /* NewsCell.xib */ = {isa = PBXFileReference; lastKnownFileType = file.xib; path = NewsCell.xib; sourceTree = "<group>"; };
/* End PBXFileReference section */

/* Begin PBXFrameworksBuildPhase section */
		1841306923E9627600DC3A34 /* Frameworks */ = {
			isa = PBXFrameworksBuildPhase;
			buildActionMask = 2147483647;
			files = (
			);
			runOnlyForDeploymentPostprocessing = 0;
		};
		1841307F23E9627900DC3A34 /* Frameworks */ = {
			isa = PBXFrameworksBuildPhase;
			buildActionMask = 2147483647;
			files = (
			);
			runOnlyForDeploymentPostprocessing = 0;
		};
		1841308A23E9627900DC3A34 /* Frameworks */ = {
			isa = PBXFrameworksBuildPhase;
			buildActionMask = 2147483647;
			files = (
			);
			runOnlyForDeploymentPostprocessing = 0;
		};
/* End PBXFrameworksBuildPhase section */

/* Begin PBXGroup section */
		1841306323E9627600DC3A34 = {
			isa = PBXGroup;
			children = (
				1841306E23E9627600DC3A34 /* NewsApp */,
				1841308523E9627900DC3A34 /* NewsAppTests */,
				1841309023E9627900DC3A34 /* NewsAppUITests */,
				1841306D23E9627600DC3A34 /* Products */,
			);
			sourceTree = "<group>";
		};
		1841306D23E9627600DC3A34 /* Products */ = {
			isa = PBXGroup;
			children = (
				1841306C23E9627600DC3A34 /* NewsApp.app */,
				1841308223E9627900DC3A34 /* NewsAppTests.xctest */,
				1841308D23E9627900DC3A34 /* NewsAppUITests.xctest */,
			);
			name = Products;
			sourceTree = "<group>";
		};
		1841306E23E9627600DC3A34 /* NewsApp */ = {
			isa = PBXGroup;
			children = (
				1841306F23E9627600DC3A34 /* AppDelegate.swift */,
				1841307123E9627600DC3A34 /* SceneDelegate.swift */,
				1841307323E9627600DC3A34 /* ViewController.swift */,
				1841307523E9627600DC3A34 /* Main.storyboard */,
				1841307823E9627800DC3A34 /* Assets.xcassets */,
				1841307A23E9627800DC3A34 /* LaunchScreen.storyboard */,
				1841307D23E9627800DC3A34 /* Info.plist */,
				184130A523E9665700DC3A34 /* NewsCell.swift */,
				184130A623E9665700DC3A34 /* NewsCell.xib */,
			);
			path = NewsApp;
			sourceTree = "<group>";
		};
		1841308523E9627900DC3A34 /* NewsAppTests */ = {
			isa = PBXGroup;
			children = (
				1841308623E9627900DC3A34 /* NewsAppTests.swift */,
				1841308823E9627900DC3A34 /* Info.plist */,
			);
			path = NewsAppTests;
			sourceTree = "<group>";
		};
		1841309023E9627900DC3A34 /* NewsAppUITests */ = {
			isa = PBXGroup;
			children = (
				1841309123E9627900DC3A34 /* NewsAppUITests.swift */,
				1841309323E9627900DC3A34 /* Info.plist */,
			);
			path = NewsAppUITests;
			sourceTree = "<group>";
		};
/* End PBXGroup section */

/* Begin PBXNativeTarget section */
		1841306B23E9627600DC3A34 /* NewsApp */ = {
			isa = PBXNativeTarget;
			buildConfigurationList = 1841309623E9627900DC3A34 /* Build configuration list for PBXNativeTarget "NewsApp" */;
			buildPhases = (
				1841306823E9627600DC3A34 /* Sources */,
				1841306923E9627600DC3A34 /* Frameworks */,
				1841306A23E9627600DC3A34 /* Resources */,
			);
			buildRules = (
			);
			dependencies = (
			);
			name = NewsApp;
			productName = NewsApp;
			productReference = 1841306C23E9627600DC3A34 /* NewsApp.app */;
			productType = "com.apple.product-type.application";
		};
		1841308123E9627900DC3A34 /* NewsAppTests */ = {
			isa = PBXNativeTarget;
			buildConfigurationList = 1841309923E9627900DC3A34 /* Build configuration list for PBXNativeTarget "NewsAppTests" */;
			buildPhases = (
				1841307E23E9627900DC3A34 /* Sources */,
				1841307F23E9627900DC3A34 /* Frameworks */,
				1841308023E9627900DC3A34 /* Resources */,
			);
			buildRules = (
			);
			dependencies = (
				1841308423E9627900DC3A34 /* PBXTargetDependency */,
			);
			name = NewsAppTests;
			productName = NewsAppTests;
			productReference = 1841308223E9627900DC3A34 /* NewsAppTests.xctest */;
			productType = "com.apple.product-type.bundle.unit-test";
		};
		1841308C23E9627900DC3A34 /* NewsAppUITests */ = {
			isa = PBXNativeTarget;
			buildConfigurationList = 1841309C23E9627900DC3A34 /* Build configuration list for PBXNativeTarget "NewsAppUITests" */;
			buildPhases = (
				1841308923E9627900DC3A34 /* Sources */,
				1841308A23E9627900DC3A34 /* Frameworks */,
				1841308B23E9627900DC3A34 /* Resources */,
			);
			buildRules = (
			);
			dependencies = (
				1841308F23E9627900DC3A34 /* PBXTargetDependency */,
			);
			name = NewsAppUITests;
			productName = NewsAppUITests;
			productReference = 1841308D23E9627900DC3A34 /* NewsAppUITests.xctest */;
			productType = "com.apple.product-type.bundle.ui-testing";
		};
/* End PBXNativeTarget section */

/* Begin PBXProject section */
		1841306423E9627600DC3A34 /* Project object */ = {
			isa = PBXProject;
			attributes = {
				LastSwiftUpdateCheck = 1130;
				LastUpgradeCheck = 1130;
				ORGANIZATIONNAME = "Apple MacBook Pro ";
				TargetAttributes = {
					1841306B23E9627600DC3A34 = {
						CreatedOnToolsVersion = 11.3.1;
					};
					1841308123E9627900DC3A34 = {
						CreatedOnToolsVersion = 11.3.1;
						TestTargetID = 1841306B23E9627600DC3A34;
					};
					1841308C23E9627900DC3A34 = {
						CreatedOnToolsVersion = 11.3.1;
						TestTargetID = 1841306B23E9627600DC3A34;
					};
				};
			};
			buildConfigurationList = 1841306723E9627600DC3A34 /* Build configuration list for PBXProject "NewsApp" */;
			compatibilityVersion = "Xcode 9.3";
			developmentRegion = en;
			hasScannedForEncodings = 0;
			knownRegions = (
				en,
				Base,
			);
			mainGroup = 1841306323E9627600DC3A34;
			productRefGroup = 1841306D23E9627600DC3A34 /* Products */;
			projectDirPath = "";
			projectRoot = "";
			targets = (
				1841306B23E9627600DC3A34 /* NewsApp */,
				1841308123E9627900DC3A34 /* NewsAppTests */,
				1841308C23E9627900DC3A34 /* NewsAppUITests */,
			);
		};
/* End PBXProject section */

/* Begin PBXResourcesBuildPhase section */
		1841306A23E9627600DC3A34 /* Resources */ = {
			isa = PBXResourcesBuildPhase;
			buildActionMask = 2147483647;
			files = (
				1841307C23E9627800DC3A34 /* LaunchScreen.storyboard in Resources */,
				1841307923E9627800DC3A34 /* Assets.xcassets in Resources */,
				184130A823E9665700DC3A34 /* NewsCell.xib in Resources */,
				1841307723E9627600DC3A34 /* Main.storyboard in Resources */,
			);
			runOnlyForDeploymentPostprocessing = 0;
		};
		1841308023E9627900DC3A34 /* Resources */ = {
			isa = PBXResourcesBuildPhase;
			buildActionMask = 2147483647;
			files = (
			);
			runOnlyForDeploymentPostprocessing = 0;
		};
		1841308B23E9627900DC3A34 /* Resources */ = {
			isa = PBXResourcesBuildPhase;
			buildActionMask = 2147483647;
			files = (
			);
			runOnlyForDeploymentPostprocessing = 0;
		};
/* End PBXResourcesBuildPhase section */

/* Begin PBXSourcesBuildPhase section */
		1841306823E9627600DC3A34 /* Sources */ = {
			isa = PBXSourcesBuildPhase;
			buildActionMask = 2147483647;
			files = (
				1841307423E9627600DC3A34 /* ViewController.swift in Sources */,
				1841307023E9627600DC3A34 /* AppDelegate.swift in Sources */,
				184130A723E9665700DC3A34 /* NewsCell.swift in Sources */,
				1841307223E9627600DC3A34 /* SceneDelegate.swift in Sources */,
			);
			runOnlyForDeploymentPostprocessing = 0;
		};
		1841307E23E9627900DC3A34 /* Sources */ = {
			isa = PBXSourcesBuildPhase;
			buildActionMask = 2147483647;
			files = (
				1841308723E9627900DC3A34 /* NewsAppTests.swift in Sources */,
			);
			runOnlyForDeploymentPostprocessing = 0;
		};
		1841308923E9627900DC3A34 /* Sources */ = {
			isa = PBXSourcesBuildPhase;
			buildActionMask = 2147483647;
			files = (
				1841309223E9627900DC3A34 /* NewsAppUITests.swift in Sources */,
			);
			runOnlyForDeploymentPostprocessing = 0;
		};
/* End PBXSourcesBuildPhase section */

/* Begin PBXTargetDependency section */
		1841308423E9627900DC3A34 /* PBXTargetDependency */ = {
			isa = PBXTargetDependency;
			target = 1841306B23E9627600DC3A34 /* NewsApp */;
			targetProxy = 1841308323E9627900DC3A34 /* PBXContainerItemProxy */;
		};
		1841308F23E9627900DC3A34 /* PBXTargetDependency */ = {
			isa = PBXTargetDependency;
			target = 1841306B23E9627600DC3A34 /* NewsApp */;
			targetProxy = 1841308E23E9627900DC3A34 /* PBXContainerItemProxy */;
		};
/* End PBXTargetDependency section */

/* Begin PBXVariantGroup section */
		1841307523E9627600DC3A34 /* Main.storyboard */ = {
			isa = PBXVariantGroup;
			children = (
				1841307623E9627600DC3A34 /* Base */,
			);
			name = Main.storyboard;
			sourceTree = "<group>";
		};
		1841307A23E9627800DC3A34 /* LaunchScreen.storyboard */ = {
			isa = PBXVariantGroup;
			children = (
				1841307B23E9627800DC3A34 /* Base */,
			);
			name = LaunchScreen.storyboard;
			sourceTree = "<group>";
		};
/* End PBXVariantGroup section */

/* Begin XCBuildConfiguration section */
		1841309423E9627900DC3A34 /* Debug */ = {
			isa = XCBuildConfiguration;
			buildSettings = {
				ALWAYS_SEARCH_USER_PATHS = NO;
				CLANG_ANALYZER_NONNULL = YES;
				CLANG_ANALYZER_NUMBER_OBJECT_CONVERSION = YES_AGGRESSIVE;
				CLANG_CXX_LANGUAGE_STANDARD = "gnu++14";
				CLANG_CXX_LIBRARY = "libc++";
				CLANG_ENABLE_MODULES = YES;
				CLANG_ENABLE_OBJC_ARC = YES;
				CLANG_ENABLE_OBJC_WEAK = YES;
				CLANG_WARN_BLOCK_CAPTURE_AUTORELEASING = YES;
				CLANG_WARN_BOOL_CONVERSION = YES;
				CLANG_WARN_COMMA = YES;
				CLANG_WARN_CONSTANT_CONVERSION = YES;
				CLANG_WARN_DEPRECATED_OBJC_IMPLEMENTATIONS = YES;
				CLANG_WARN_DIRECT_OBJC_ISA_USAGE = YES_ERROR;
				CLANG_WARN_DOCUMENTATION_COMMENTS = YES;
				CLANG_WARN_EMPTY_BODY = YES;
				CLANG_WARN_ENUM_CONVERSION = YES;
				CLANG_WARN_INFINITE_RECURSION = YES;
				CLANG_WARN_INT_CONVERSION = YES;
				CLANG_WARN_NON_LITERAL_NULL_CONVERSION = YES;
				CLANG_WARN_OBJC_IMPLICIT_RETAIN_SELF = YES;
				CLANG_WARN_OBJC_LITERAL_CONVERSION = YES;
				CLANG_WARN_OBJC_ROOT_CLASS = YES_ERROR;
				CLANG_WARN_RANGE_LOOP_ANALYSIS = YES;
				CLANG_WARN_STRICT_PROTOTYPES = YES;
				CLANG_WARN_SUSPICIOUS_MOVE = YES;
				CLANG_WARN_UNGUARDED_AVAILABILITY = YES_AGGRESSIVE;
				CLANG_WARN_UNREACHABLE_CODE = YES;
				CLANG_WARN__DUPLICATE_METHOD_MATCH = YES;
				COPY_PHASE_STRIP = NO;
				DEBUG_INFORMATION_FORMAT = dwarf;
				ENABLE_STRICT_OBJC_MSGSEND = YES;
				ENABLE_TESTABILITY = YES;
				GCC_C_LANGUAGE_STANDARD = gnu11;
				GCC_DYNAMIC_NO_PIC = NO;
				GCC_NO_COMMON_BLOCKS = YES;
				GCC_OPTIMIZATION_LEVEL = 0;
				GCC_PREPROCESSOR_DEFINITIONS = (
					"DEBUG=1",
					"$(inherited)",
				);
				GCC_WARN_64_TO_32_BIT_CONVERSION = YES;
				GCC_WARN_ABOUT_RETURN_TYPE = YES_ERROR;
				GCC_WARN_UNDECLARED_SELECTOR = YES;
				GCC_WARN_UNINITIALIZED_AUTOS = YES_AGGRESSIVE;
				GCC_WARN_UNUSED_FUNCTION = YES;
				GCC_WARN_UNUSED_VARIABLE = YES;
				IPHONEOS_DEPLOYMENT_TARGET = 13.2;
				MTL_ENABLE_DEBUG_INFO = INCLUDE_SOURCE;
				MTL_FAST_MATH = YES;
				ONLY_ACTIVE_ARCH = YES;
				SDKROOT = iphoneos;
				SWIFT_ACTIVE_COMPILATION_CONDITIONS = DEBUG;
				SWIFT_OPTIMIZATION_LEVEL = "-Onone";
			};
			name = Debug;
		};
		1841309523E9627900DC3A34 /* Release */ = {
			isa = XCBuildConfiguration;
			buildSettings = {
				ALWAYS_SEARCH_USER_PATHS = NO;
				CLANG_ANALYZER_NONNULL = YES;
				CLANG_ANALYZER_NUMBER_OBJECT_CONVERSION = YES_AGGRESSIVE;
				CLANG_CXX_LANGUAGE_STANDARD = "gnu++14";
				CLANG_CXX_LIBRARY = "libc++";
				CLANG_ENABLE_MODULES = YES;
				CLANG_ENABLE_OBJC_ARC = YES;
				CLANG_ENABLE_OBJC_WEAK = YES;
				CLANG_WARN_BLOCK_CAPTURE_AUTORELEASING = YES;
				CLANG_WARN_BOOL_CONVERSION = YES;
				CLANG_WARN_COMMA = YES;
				CLANG_WARN_CONSTANT_CONVERSION = YES;
				CLANG_WARN_DEPRECATED_OBJC_IMPLEMENTATIONS = YES;
				CLANG_WARN_DIRECT_OBJC_ISA_USAGE = YES_ERROR;
				CLANG_WARN_DOCUMENTATION_COMMENTS = YES;
				CLANG_WARN_EMPTY_BODY = YES;
				CLANG_WARN_ENUM_CONVERSION = YES;
				CLANG_WARN_INFINITE_RECURSION = YES;
				CLANG_WARN_INT_CONVERSION = YES;
				CLANG_WARN_NON_LITERAL_NULL_CONVERSION = YES;
				CLANG_WARN_OBJC_IMPLICIT_RETAIN_SELF = YES;
				CLANG_WARN_OBJC_LITERAL_CONVERSION = YES;
				CLANG_WARN_OBJC_ROOT_CLASS = YES_ERROR;
				CLANG_WARN_RANGE_LOOP_ANALYSIS = YES;
				CLANG_WARN_STRICT_PROTOTYPES = YES;
				CLANG_WARN_SUSPICIOUS_MOVE = YES;
				CLANG_WARN_UNGUARDED_AVAILABILITY = YES_AGGRESSIVE;
				CLANG_WARN_UNREACHABLE_CODE = YES;
				CLANG_WARN__DUPLICATE_METHOD_MATCH = YES;
				COPY_PHASE_STRIP = NO;
				DEBUG_INFORMATION_FORMAT = "dwarf-with-dsym";
				ENABLE_NS_ASSERTIONS = NO;
				ENABLE_STRICT_OBJC_MSGSEND = YES;
				GCC_C_LANGUAGE_STANDARD = gnu11;
				GCC_NO_COMMON_BLOCKS = YES;
				GCC_WARN_64_TO_32_BIT_CONVERSION = YES;
				GCC_WARN_ABOUT_RETURN_TYPE = YES_ERROR;
				GCC_WARN_UNDECLARED_SELECTOR = YES;
				GCC_WARN_UNINITIALIZED_AUTOS = YES_AGGRESSIVE;
				GCC_WARN_UNUSED_FUNCTION = YES;
				GCC_WARN_UNUSED_VARIABLE = YES;
				IPHONEOS_DEPLOYMENT_TARGET = 13.2;
				MTL_ENABLE_DEBUG_INFO = NO;
				MTL_FAST_MATH = YES;
				SDKROOT = iphoneos;
				SWIFT_COMPILATION_MODE = wholemodule;
				SWIFT_OPTIMIZATION_LEVEL = "-O";
				VALIDATE_PRODUCT = YES;
			};
			name = Release;
		};
		1841309723E9627900DC3A34 /* Debug */ = {
			isa = XCBuildConfiguration;
			buildSettings = {
				ASSETCATALOG_COMPILER_APPICON_NAME = AppIcon;
				CODE_SIGN_STYLE = Automatic;
				INFOPLIST_FILE = NewsApp/Info.plist;
				LD_RUNPATH_SEARCH_PATHS = (
					"$(inherited)",
					"@executable_path/Frameworks",
				);
				PRODUCT_BUNDLE_IDENTIFIER = listView.NewsApp;
				PRODUCT_NAME = "$(TARGET_NAME)";
				SWIFT_VERSION = 5.0;
				TARGETED_DEVICE_FAMILY = "1,2";
			};
			name = Debug;
		};
		1841309823E9627900DC3A34 /* Release */ = {
			isa = XCBuildConfiguration;
			buildSettings = {
				ASSETCATALOG_COMPILER_APPICON_NAME = AppIcon;
				CODE_SIGN_STYLE = Automatic;
				INFOPLIST_FILE = NewsApp/Info.plist;
				LD_RUNPATH_SEARCH_PATHS = (
					"$(inherited)",
					"@executable_path/Frameworks",
				);
				PRODUCT_BUNDLE_IDENTIFIER = listView.NewsApp;
				PRODUCT_NAME = "$(TARGET_NAME)";
				SWIFT_VERSION = 5.0;
				TARGETED_DEVICE_FAMILY = "1,2";
			};
			name = Release;
		};
		1841309A23E9627900DC3A34 /* Debug */ = {
			isa = XCBuildConfiguration;
			buildSettings = {
				ALWAYS_EMBED_SWIFT_STANDARD_LIBRARIES = YES;
				BUNDLE_LOADER = "$(TEST_HOST)";
				CODE_SIGN_STYLE = Automatic;
				INFOPLIST_FILE = NewsAppTests/Info.plist;
				IPHONEOS_DEPLOYMENT_TARGET = 13.2;
				LD_RUNPATH_SEARCH_PATHS = (
					"$(inherited)",
					"@executable_path/Frameworks",
					"@loader_path/Frameworks",
				);
				PRODUCT_BUNDLE_IDENTIFIER = listView.NewsAppTests;
				PRODUCT_NAME = "$(TARGET_NAME)";
				SWIFT_VERSION = 5.0;
				TARGETED_DEVICE_FAMILY = "1,2";
				TEST_HOST = "$(BUILT_PRODUCTS_DIR)/NewsApp.app/NewsApp";
			};
			name = Debug;
		};
		1841309B23E9627900DC3A34 /* Release */ = {
			isa = XCBuildConfiguration;
			buildSettings = {
				ALWAYS_EMBED_SWIFT_STANDARD_LIBRARIES = YES;
				BUNDLE_LOADER = "$(TEST_HOST)";
				CODE_SIGN_STYLE = Automatic;
				INFOPLIST_FILE = NewsAppTests/Info.plist;
				IPHONEOS_DEPLOYMENT_TARGET = 13.2;
				LD_RUNPATH_SEARCH_PATHS = (
					"$(inherited)",
					"@executable_path/Frameworks",
					"@loader_path/Frameworks",
				);
				PRODUCT_BUNDLE_IDENTIFIER = listView.NewsAppTests;
				PRODUCT_NAME = "$(TARGET_NAME)";
				SWIFT_VERSION = 5.0;
				TARGETED_DEVICE_FAMILY = "1,2";
				TEST_HOST = "$(BUILT_PRODUCTS_DIR)/NewsApp.app/NewsApp";
			};
			name = Release;
		};
		1841309D23E9627900DC3A34 /* Debug */ = {
			isa = XCBuildConfiguration;
			buildSettings = {
				ALWAYS_EMBED_SWIFT_STANDARD_LIBRARIES = YES;
				CODE_SIGN_STYLE = Automatic;
				INFOPLIST_FILE = NewsAppUITests/Info.plist;
				LD_RUNPATH_SEARCH_PATHS = (
					"$(inherited)",
					"@executable_path/Frameworks",
					"@loader_path/Frameworks",
				);
				PRODUCT_BUNDLE_IDENTIFIER = listView.NewsAppUITests;
				PRODUCT_NAME = "$(TARGET_NAME)";
				SWIFT_VERSION = 5.0;
				TARGETED_DEVICE_FAMILY = "1,2";
				TEST_TARGET_NAME = NewsApp;
			};
			name = Debug;
		};
		1841309E23E9627900DC3A34 /* Release */ = {
			isa = XCBuildConfiguration;
			buildSettings = {
				ALWAYS_EMBED_SWIFT_STANDARD_LIBRARIES = YES;
				CODE_SIGN_STYLE = Automatic;
				INFOPLIST_FILE = NewsAppUITests/Info.plist;
				LD_RUNPATH_SEARCH_PATHS = (
					"$(inherited)",
					"@executable_path/Frameworks",
					"@loader_path/Frameworks",
				);
				PRODUCT_BUNDLE_IDENTIFIER = listView.NewsAppUITests;
				PRODUCT_NAME = "$(TARGET_NAME)";
				SWIFT_VERSION = 5.0;
				TARGETED_DEVICE_FAMILY = "1,2";
				TEST_TARGET_NAME = NewsApp;
			};
			name = Release;
		};
/* End XCBuildConfiguration section */

/* Begin XCConfigurationList section */
		1841306723E9627600DC3A34 /* Build configuration list for PBXProject "NewsApp" */ = {
			isa = XCConfigurationList;
			buildConfigurations = (
				1841309423E9627900DC3A34 /* Debug */,
				1841309523E9627900DC3A34 /* Release */,
			);
			defaultConfigurationIsVisible = 0;
			defaultConfigurationName = Release;
		};
		1841309623E9627900DC3A34 /* Build configuration list for PBXNativeTarget "NewsApp" */ = {
			isa = XCConfigurationList;
			buildConfigurations = (
				1841309723E9627900DC3A34 /* Debug */,
				1841309823E9627900DC3A34 /* Release */,
			);
			defaultConfigurationIsVisible = 0;
			defaultConfigurationName = Release;
		};
		1841309923E9627900DC3A34 /* Build configuration list for PBXNativeTarget "NewsAppTests" */ = {
			isa = XCConfigurationList;
			buildConfigurations = (
				1841309A23E9627900DC3A34 /* Debug */,
				1841309B23E9627900DC3A34 /* Release */,
			);
			defaultConfigurationIsVisible = 0;
			defaultConfigurationName = Release;
		};
		1841309C23E9627900DC3A34 /* Build configuration list for PBXNativeTarget "NewsAppUITests" */ = {
			isa = XCConfigurationList;
			buildConfigurations = (
				1841309D23E9627900DC3A34 /* Debug */,
				1841309E23E9627900DC3A34 /* Release */,
			);
			defaultConfigurationIsVisible = 0;
			defaultConfigurationName = Release;
		};
/* End XCConfigurationList section */
	};
	rootObject = 1841306423E9627600DC3A34 /* Project object */;
}
